
Microsoft Visual Studio Solution File, Format Version 12.00
# Visual Studio 2013
VisualStudioVersion = 12.0.31101.0
MinimumVisualStudioVersion = 10.0.40219.1
Project("{FAE04EC0-301F-11D3-BF4B-00C04F79EFBC}") = "StyleCopCmdLine", "StyleCopCmdLine\StyleCopCmdLine.csproj", "{04AB951C-8126-4440-9844-AC002F7F40BD}"
EndProject
Project("{FAE04EC0-301F-11D3-BF4B-00C04F79EFBC}") = "StyleCopWrapper", "StyleCopWrapper\StyleCopWrapper.csproj", "{6A816A9D-1027-425C-9574-28E5AF42BC29}"
EndProject
Project("{FAE04EC0-301F-11D3-BF4B-00C04F79EFBC}") = "StyleCopWrapper.Tests", "StyleCopWrapper.Tests\StyleCopWrapper.Tests.csproj", "{E5A70A4C-B447-40AB-81FD-FEE44135034E}"
EndProject
Project("{F5034706-568F-408A-B7B3-4D38C6DB8A32}") = "PowerShellWrapper", "PowerShellWrapper\PowerShellWrapper.pssproj", "{6CAFC0C6-A428-4D30-A9F9-700E829FEA51}"
EndProject
Project("{FAE04EC0-301F-11D3-BF4B-00C04F79EFBC}") = "CustomStyleCopRule", "CustomStyleCopRule\CustomStyleCopRule.csproj", "{593DB02E-3578-4A41-93EE-7DA9C61B8844}"
EndProject
Global
	GlobalSection(SolutionConfigurationPlatforms) = preSolution
		Debug|Any CPU = Debug|Any CPU
		Release|Any CPU = Release|Any CPU
	EndGlobalSection
	GlobalSection(ProjectConfigurationPlatforms) = postSolution
		{04AB951C-8126-4440-9844-AC002F7F40BD}.Debug|Any CPU.ActiveCfg = Debug|Any CPU
		{04AB951C-8126-4440-9844-AC002F7F40BD}.Debug|Any CPU.Build.0 = Debug|Any CPU
		{04AB951C-8126-4440-9844-AC002F7F40BD}.Release|Any CPU.ActiveCfg = Release|Any CPU
		{04AB951C-8126-4440-9844-AC002F7F40BD}.Release|Any CPU.Build.0 = Release|Any CPU
		{6A816A9D-1027-425C-9574-28E5AF42BC29}.Debug|Any CPU.ActiveCfg = Debug|Any CPU
		{6A816A9D-1027-425C-9574-28E5AF42BC29}.Debug|Any CPU.Build.0 = Debug|Any CPU
		{6A816A9D-1027-425C-9574-28E5AF42BC29}.Release|Any CPU.ActiveCfg = Release|Any CPU
		{6A816A9D-1027-425C-9574-28E5AF42BC29}.Release|Any CPU.Build.0 = Release|Any CPU
		{E5A70A4C-B447-40AB-81FD-FEE44135034E}.Debug|Any CPU.ActiveCfg = Debug|Any CPU
		{E5A70A4C-B447-40AB-81FD-FEE44135034E}.Debug|Any CPU.Build.0 = Debug|Any CPU
		{E5A70A4C-B447-40AB-81FD-FEE44135034E}.Release|Any CPU.ActiveCfg = Release|Any CPU
		{E5A70A4C-B447-40AB-81FD-FEE44135034E}.Release|Any CPU.Build.0 = Release|Any CPU
		{6CAFC0C6-A428-4D30-A9F9-700E829FEA51}.Debug|Any CPU.ActiveCfg = Debug|Any CPU
		{6CAFC0C6-A428-4D30-A9F9-700E829FEA51}.Debug|Any CPU.Build.0 = Debug|Any CPU
		{6CAFC0C6-A428-4D30-A9F9-700E829FEA51}.Release|Any CPU.ActiveCfg = Release|Any CPU
		{6CAFC0C6-A428-4D30-A9F9-700E829FEA51}.Release|Any CPU.Build.0 = Release|Any CPU
		{593DB02E-3578-4A41-93EE-7DA9C61B8844}.Debug|Any CPU.ActiveCfg = Debug|Any CPU
		{593DB02E-3578-4A41-93EE-7DA9C61B8844}.Debug|Any CPU.Build.0 = Debug|Any CPU
		{593DB02E-3578-4A41-93EE-7DA9C61B8844}.Release|Any CPU.ActiveCfg = Release|Any CPU
		{593DB02E-3578-4A41-93EE-7DA9C61B8844}.Release|Any CPU.Build.0 = Release|Any CPU
	EndGlobalSection
	GlobalSection(SolutionProperties) = preSolution
		HideSolutionNode = FALSE
	EndGlobalSection
EndGlobal
